
Microsoft Visual Studio Solution File, Format Version 12.00
# Visual Studio 15
VisualStudioVersion = 15.0.28307.168
MinimumVisualStudioVersion = 10.0.40219.1
Project("{00D1A9C2-B5F0-4AF3-8072-F6C62B433612}") = "SSDT_AdventureWorks", "SSDT_AdventureWorks\SSDT_AdventureWorks.sqlproj", "{7CD749CB-E625-4312-BA2F-2DDB68D41D27}"
EndProject
Global
	GlobalSection(SolutionConfigurationPlatforms) = preSolution
		Debug|Any CPU = Debug|Any CPU
		Release|Any CPU = Release|Any CPU
	EndGlobalSection
	GlobalSection(ProjectConfigurationPlatforms) = postSolution
		{7CD749CB-E625-4312-BA2F-2DDB68D41D27}.Debug|Any CPU.ActiveCfg = Debug|Any CPU
		{7CD749CB-E625-4312-BA2F-2DDB68D41D27}.Debug|Any CPU.Build.0 = Debug|Any CPU
		{7CD749CB-E625-4312-BA2F-2DDB68D41D27}.Debug|Any CPU.Deploy.0 = Debug|Any CPU
		{7CD749CB-E625-4312-BA2F-2DDB68D41D27}.Release|Any CPU.ActiveCfg = Release|Any CPU
		{7CD749CB-E625-4312-BA2F-2DDB68D41D27}.Release|Any CPU.Build.0 = Release|Any CPU
		{7CD749CB-E625-4312-BA2F-2DDB68D41D27}.Release|Any CPU.Deploy.0 = Release|Any CPU
	EndGlobalSection
	GlobalSection(SolutionProperties) = preSolution
		HideSolutionNode = FALSE
	EndGlobalSection
	GlobalSection(ExtensibilityGlobals) = postSolution
		SolutionGuid = {A2D54A62-C5F9-4F6A-B552-3C944248678D}
	EndGlobalSection
EndGlobal
